
Microsoft Visual Studio Solution File, Format Version 12.00
# Visual Studio Version 17
VisualStudioVersion = 17.2.32526.322
MinimumVisualStudioVersion = 10.0.40219.1
Project("{9A19103F-16F7-4668-BE54-9A1E7A4F7556}") = "PurseManager", "PurseManager\PurseManager.csproj", "{4B1BE444-98BA-4691-B6F4-53DFDCDF7A11}"
EndProject
Project("{9A19103F-16F7-4668-BE54-9A1E7A4F7556}") = "PurseManagerLibrary", "PurseManagerLibrary\PurseManagerLibrary.csproj", "{EFE946D9-7635-4BD1-979D-70A427BF71A3}"
EndProject
Global
	GlobalSection(SolutionConfigurationPlatforms) = preSolution
		Debug|Any CPU = Debug|Any CPU
		Release|Any CPU = Release|Any CPU
	EndGlobalSection
	GlobalSection(ProjectConfigurationPlatforms) = postSolution
		{4B1BE444-98BA-4691-B6F4-53DFDCDF7A11}.Debug|Any CPU.ActiveCfg = Debug|Any CPU
		{4B1BE444-98BA-4691-B6F4-53DFDCDF7A11}.Debug|Any CPU.Build.0 = Debug|Any CPU
		{4B1BE444-98BA-4691-B6F4-53DFDCDF7A11}.Release|Any CPU.ActiveCfg = Release|Any CPU
		{4B1BE444-98BA-4691-B6F4-53DFDCDF7A11}.Release|Any CPU.Build.0 = Release|Any CPU
		{EFE946D9-7635-4BD1-979D-70A427BF71A3}.Debug|Any CPU.ActiveCfg = Debug|Any CPU
		{EFE946D9-7635-4BD1-979D-70A427BF71A3}.Debug|Any CPU.Build.0 = Debug|Any CPU
		{EFE946D9-7635-4BD1-979D-70A427BF71A3}.Release|Any CPU.ActiveCfg = Release|Any CPU
		{EFE946D9-7635-4BD1-979D-70A427BF71A3}.Release|Any CPU.Build.0 = Release|Any CPU
	EndGlobalSection
	GlobalSection(SolutionProperties) = preSolution
		HideSolutionNode = FALSE
	EndGlobalSection
	GlobalSection(ExtensibilityGlobals) = postSolution
		SolutionGuid = {3F313F5D-4AE7-4831-B330-2C4AD6BDF966}
	EndGlobalSection
EndGlobal
